// !$*UTF8*$!
{
	archiveVersion = 1;
	classes = {
	};
	objectVersion = 46;
	objects = {

/* Begin PBXBuildFile section */
		7F0E4F941893A31C0082D5DB /* Foundation.framework in Frameworks */ = {isa = PBXBuildFile; fileRef = 7F0E4F931893A31C0082D5DB /* Foundation.framework */; };
		7F0E4F961893A31C0082D5DB /* CoreGraphics.framework in Frameworks */ = {isa = PBXBuildFile; fileRef = 7F0E4F951893A31C0082D5DB /* CoreGraphics.framework */; };
		7F0E4F981893A31C0082D5DB /* UIKit.framework in Frameworks */ = {isa = PBXBuildFile; fileRef = 7F0E4F971893A31C0082D5DB /* UIKit.framework */; };
		7F0E4F9E1893A31C0082D5DB /* InfoPlist.strings in Resources */ = {isa = PBXBuildFile; fileRef = 7F0E4F9C1893A31C0082D5DB /* InfoPlist.strings */; };
		7F0E4FA01893A31C0082D5DB /* main.m in Sources */ = {isa = PBXBuildFile; fileRef = 7F0E4F9F1893A31C0082D5DB /* main.m */; };
		7F0E4FA41893A31C0082D5DB /* CWAppDelegate.m in Sources */ = {isa = PBXBuildFile; fileRef = 7F0E4FA31893A31C0082D5DB /* CWAppDelegate.m */; };
		7F0E4FA71893A31C0082D5DB /* Main.storyboard in Resources */ = {isa = PBXBuildFile; fileRef = 7F0E4FA51893A31C0082D5DB /* Main.storyboard */; };
		7F0E4FAA1893A31C0082D5DB /* CWViewController.m in Sources */ = {isa = PBXBuildFile; fileRef = 7F0E4FA91893A31C0082D5DB /* CWViewController.m */; };
		7F0E4FAC1893A31C0082D5DB /* Images.xcassets in Resources */ = {isa = PBXBuildFile; fileRef = 7F0E4FAB1893A31C0082D5DB /* Images.xcassets */; };
		7F0E4FB31893A31C0082D5DB /* XCTest.framework in Frameworks */ = {isa = PBXBuildFile; fileRef = 7F0E4FB21893A31C0082D5DB /* XCTest.framework */; };
		7F0E4FB41893A31C0082D5DB /* Foundation.framework in Frameworks */ = {isa = PBXBuildFile; fileRef = 7F0E4F931893A31C0082D5DB /* Foundation.framework */; };
		7F0E4FB51893A31C0082D5DB /* UIKit.framework in Frameworks */ = {isa = PBXBuildFile; fileRef = 7F0E4F971893A31C0082D5DB /* UIKit.framework */; };
		7F0E4FBD1893A31C0082D5DB /* InfoPlist.strings in Resources */ = {isa = PBXBuildFile; fileRef = 7F0E4FBB1893A31C0082D5DB /* InfoPlist.strings */; };
		7F0E4FBF1893A31C0082D5DB /* SlideToPopDemoTests.m in Sources */ = {isa = PBXBuildFile; fileRef = 7F0E4FBE1893A31C0082D5DB /* SlideToPopDemoTests.m */; };
		7F0E4FCA1893A35E0082D5DB /* CWSlideToPopViewController.m in Sources */ = {isa = PBXBuildFile; fileRef = 7F0E4FC91893A35E0082D5DB /* CWSlideToPopViewController.m */; };
		7F0E4FCD1893A7AA0082D5DB /* CWSlideToPopWithTabelViewViewController.m in Sources */ = {isa = PBXBuildFile; fileRef = 7F0E4FCC1893A7AA0082D5DB /* CWSlideToPopWithTabelViewViewController.m */; };
		7F0E4FD01893A8890082D5DB /* CWSlideToPopNormalViewController.m in Sources */ = {isa = PBXBuildFile; fileRef = 7F0E4FCF1893A8890082D5DB /* CWSlideToPopNormalViewController.m */; };
/* End PBXBuildFile section */

/* Begin PBXContainerItemProxy section */
		7F0E4FB61893A31C0082D5DB /* PBXContainerItemProxy */ = {
			isa = PBXContainerItemProxy;
			containerPortal = 7F0E4F881893A31C0082D5DB /* Project object */;
			proxyType = 1;
			remoteGlobalIDString = 7F0E4F8F1893A31C0082D5DB;
			remoteInfo = SlideToPopDemo;
		};
/* End PBXContainerItemProxy section */

/* Begin PBXFileReference section */
		7F0E4F901893A31C0082D5DB /* SlideToPopDemo.app */ = {isa = PBXFileReference; explicitFileType = wrapper.application; includeInIndex = 0; path = SlideToPopDemo.app; sourceTree = BUILT_PRODUCTS_DIR; };
		7F0E4F931893A31C0082D5DB /* Foundation.framework */ = {isa = PBXFileReference; lastKnownFileType = wrapper.framework; name = Foundation.framework; path = System/Library/Frameworks/Foundation.framework; sourceTree = SDKROOT; };
		7F0E4F951893A31C0082D5DB /* CoreGraphics.framework */ = {isa = PBXFileReference; lastKnownFileType = wrapper.framework; name = CoreGraphics.framework; path = System/Library/Frameworks/CoreGraphics.framework; sourceTree = SDKROOT; };
		7F0E4F971893A31C0082D5DB /* UIKit.framework */ = {isa = PBXFileReference; lastKnownFileType = wrapper.framework; name = UIKit.framework; path = System/Library/Frameworks/UIKit.framework; sourceTree = SDKROOT; };
		7F0E4F9B1893A31C0082D5DB /* SlideToPopDemo-Info.plist */ = {isa = PBXFileReference; lastKnownFileType = text.plist.xml; path = "SlideToPopDemo-Info.plist"; sourceTree = "<group>"; };
		7F0E4F9D1893A31C0082D5DB /* en */ = {isa = PBXFileReference; lastKnownFileType = text.plist.strings; name = en; path = en.lproj/InfoPlist.strings; sourceTree = "<group>"; };
		7F0E4F9F1893A31C0082D5DB /* main.m */ = {isa = PBXFileReference; lastKnownFileType = sourcecode.c.objc; path = main.m; sourceTree = "<group>"; };
		7F0E4FA11893A31C0082D5DB /* SlideToPopDemo-Prefix.pch */ = {isa = PBXFileReference; lastKnownFileType = sourcecode.c.h; path = "SlideToPopDemo-Prefix.pch"; sourceTree = "<group>"; };
		7F0E4FA21893A31C0082D5DB /* CWAppDelegate.h */ = {isa = PBXFileReference; lastKnownFileType = sourcecode.c.h; path = CWAppDelegate.h; sourceTree = "<group>"; };
		7F0E4FA31893A31C0082D5DB /* CWAppDelegate.m */ = {isa = PBXFileReference; lastKnownFileType = sourcecode.c.objc; path = CWAppDelegate.m; sourceTree = "<group>"; };
		7F0E4FA61893A31C0082D5DB /* Base */ = {isa = PBXFileReference; lastKnownFileType = file.storyboard; name = Base; path = Base.lproj/Main.storyboard; sourceTree = "<group>"; };
		7F0E4FA81893A31C0082D5DB /* CWViewController.h */ = {isa = PBXFileReference; lastKnownFileType = sourcecode.c.h; path = CWViewController.h; sourceTree = "<group>"; };
		7F0E4FA91893A31C0082D5DB /* CWViewController.m */ = {isa = PBXFileReference; lastKnownFileType = sourcecode.c.objc; path = CWViewController.m; sourceTree = "<group>"; };
		7F0E4FAB1893A31C0082D5DB /* Images.xcassets */ = {isa = PBXFileReference; lastKnownFileType = folder.assetcatalog; path = Images.xcassets; sourceTree = "<group>"; };
		7F0E4FB11893A31C0082D5DB /* SlideToPopDemoTests.xctest */ = {isa = PBXFileReference; explicitFileType = wrapper.cfbundle; includeInIndex = 0; path = SlideToPopDemoTests.xctest; sourceTree = BUILT_PRODUCTS_DIR; };
		7F0E4FB21893A31C0082D5DB /* XCTest.framework */ = {isa = PBXFileReference; lastKnownFileType = wrapper.framework; name = XCTest.framework; path = Library/Frameworks/XCTest.framework; sourceTree = DEVELOPER_DIR; };
		7F0E4FBA1893A31C0082D5DB /* SlideToPopDemoTests-Info.plist */ = {isa = PBXFileReference; lastKnownFileType = text.plist.xml; path = "SlideToPopDemoTests-Info.plist"; sourceTree = "<group>"; };
		7F0E4FBC1893A31C0082D5DB /* en */ = {isa = PBXFileReference; lastKnownFileType = text.plist.strings; name = en; path = en.lproj/InfoPlist.strings; sourceTree = "<group>"; };
		7F0E4FBE1893A31C0082D5DB /* SlideToPopDemoTests.m */ = {isa = PBXFileReference; lastKnownFileType = sourcecode.c.objc; path = SlideToPopDemoTests.m; sourceTree = "<group>"; };
		7F0E4FC81893A35E0082D5DB /* CWSlideToPopViewController.h */ = {isa = PBXFileReference; fileEncoding = 4; lastKnownFileType = sourcecode.c.h; path = CWSlideToPopViewController.h; sourceTree = "<group>"; };
		7F0E4FC91893A35E0082D5DB /* CWSlideToPopViewController.m */ = {isa = PBXFileReference; fileEncoding = 4; lastKnownFileType = sourcecode.c.objc; path = CWSlideToPopViewController.m; sourceTree = "<group>"; };
		7F0E4FCB1893A7AA0082D5DB /* CWSlideToPopWithTabelViewViewController.h */ = {isa = PBXFileReference; fileEncoding = 4; lastKnownFileType = sourcecode.c.h; path = CWSlideToPopWithTabelViewViewController.h; sourceTree = "<group>"; };
		7F0E4FCC1893A7AA0082D5DB /* CWSlideToPopWithTabelViewViewController.m */ = {isa = PBXFileReference; fileEncoding = 4; lastKnownFileType = sourcecode.c.objc; path = CWSlideToPopWithTabelViewViewController.m; sourceTree = "<group>"; };
		7F0E4FCE1893A8890082D5DB /* CWSlideToPopNormalViewController.h */ = {isa = PBXFileReference; fileEncoding = 4; lastKnownFileType = sourcecode.c.h; path = CWSlideToPopNormalViewController.h; sourceTree = "<group>"; };
		7F0E4FCF1893A8890082D5DB /* CWSlideToPopNormalViewController.m */ = {isa = PBXFileReference; fileEncoding = 4; lastKnownFileType = sourcecode.c.objc; path = CWSlideToPopNormalViewController.m; sourceTree = "<group>"; };
/* End PBXFileReference section */

/* Begin PBXFrameworksBuildPhase section */
		7F0E4F8D1893A31C0082D5DB /* Frameworks */ = {
			isa = PBXFrameworksBuildPhase;
			buildActionMask = 2147483647;
			files = (
				7F0E4F961893A31C0082D5DB /* CoreGraphics.framework in Frameworks */,
				7F0E4F981893A31C0082D5DB /* UIKit.framework in Frameworks */,
				7F0E4F941893A31C0082D5DB /* Foundation.framework in Frameworks */,
			);
			runOnlyForDeploymentPostprocessing = 0;
		};
		7F0E4FAE1893A31C0082D5DB /* Frameworks */ = {
			isa = PBXFrameworksBuildPhase;
			buildActionMask = 2147483647;
			files = (
				7F0E4FB31893A31C0082D5DB /* XCTest.framework in Frameworks */,
				7F0E4FB51893A31C0082D5DB /* UIKit.framework in Frameworks */,
				7F0E4FB41893A31C0082D5DB /* Foundation.framework in Frameworks */,
			);
			runOnlyForDeploymentPostprocessing = 0;
		};
/* End PBXFrameworksBuildPhase section */

/* Begin PBXGroup section */
		7F0E4F871893A31C0082D5DB = {
			isa = PBXGroup;
			children = (
				7F0E4F991893A31C0082D5DB /* SlideToPopDemo */,
				7F0E4FB81893A31C0082D5DB /* SlideToPopDemoTests */,
				7F0E4F921893A31C0082D5DB /* Frameworks */,
				7F0E4F911893A31C0082D5DB /* Products */,
			);
			sourceTree = "<group>";
		};
		7F0E4F911893A31C0082D5DB /* Products */ = {
			isa = PBXGroup;
			children = (
				7F0E4F901893A31C0082D5DB /* SlideToPopDemo.app */,
				7F0E4FB11893A31C0082D5DB /* SlideToPopDemoTests.xctest */,
			);
			name = Products;
			sourceTree = "<group>";
		};
		7F0E4F921893A31C0082D5DB /* Frameworks */ = {
			isa = PBXGroup;
			children = (
				7F0E4F931893A31C0082D5DB /* Foundation.framework */,
				7F0E4F951893A31C0082D5DB /* CoreGraphics.framework */,
				7F0E4F971893A31C0082D5DB /* UIKit.framework */,
				7F0E4FB21893A31C0082D5DB /* XCTest.framework */,
			);
			name = Frameworks;
			sourceTree = "<group>";
		};
		7F0E4F991893A31C0082D5DB /* SlideToPopDemo */ = {
			isa = PBXGroup;
			children = (
				7F0E4FA21893A31C0082D5DB /* CWAppDelegate.h */,
				7F0E4FA31893A31C0082D5DB /* CWAppDelegate.m */,
				7F0E4FA51893A31C0082D5DB /* Main.storyboard */,
				7F0E4FA81893A31C0082D5DB /* CWViewController.h */,
				7F0E4FA91893A31C0082D5DB /* CWViewController.m */,
				7F0E4FCE1893A8890082D5DB /* CWSlideToPopNormalViewController.h */,
				7F0E4FCF1893A8890082D5DB /* CWSlideToPopNormalViewController.m */,
				7F0E4FCB1893A7AA0082D5DB /* CWSlideToPopWithTabelViewViewController.h */,
				7F0E4FCC1893A7AA0082D5DB /* CWSlideToPopWithTabelViewViewController.m */,
				7F0E4FAB1893A31C0082D5DB /* Images.xcassets */,
				7F0E4FC81893A35E0082D5DB /* CWSlideToPopViewController.h */,
				7F0E4FC91893A35E0082D5DB /* CWSlideToPopViewController.m */,
				7F0E4F9A1893A31C0082D5DB /* Supporting Files */,
			);
			path = SlideToPopDemo;
			sourceTree = "<group>";
		};
		7F0E4F9A1893A31C0082D5DB /* Supporting Files */ = {
			isa = PBXGroup;
			children = (
				7F0E4F9B1893A31C0082D5DB /* SlideToPopDemo-Info.plist */,
				7F0E4F9C1893A31C0082D5DB /* InfoPlist.strings */,
				7F0E4F9F1893A31C0082D5DB /* main.m */,
				7F0E4FA11893A31C0082D5DB /* SlideToPopDemo-Prefix.pch */,
			);
			name = "Supporting Files";
			sourceTree = "<group>";
		};
		7F0E4FB81893A31C0082D5DB /* SlideToPopDemoTests */ = {
			isa = PBXGroup;
			children = (
				7F0E4FBE1893A31C0082D5DB /* SlideToPopDemoTests.m */,
				7F0E4FB91893A31C0082D5DB /* Supporting Files */,
			);
			path = SlideToPopDemoTests;
			sourceTree = "<group>";
		};
		7F0E4FB91893A31C0082D5DB /* Supporting Files */ = {
			isa = PBXGroup;
			children = (
				7F0E4FBA1893A31C0082D5DB /* SlideToPopDemoTests-Info.plist */,
				7F0E4FBB1893A31C0082D5DB /* InfoPlist.strings */,
			);
			name = "Supporting Files";
			sourceTree = "<group>";
		};
/* End PBXGroup section */

/* Begin PBXNativeTarget section */
		7F0E4F8F1893A31C0082D5DB /* SlideToPopDemo */ = {
			isa = PBXNativeTarget;
			buildConfigurationList = 7F0E4FC21893A31C0082D5DB /* Build configuration list for PBXNativeTarget "SlideToPopDemo" */;
			buildPhases = (
				7F0E4F8C1893A31C0082D5DB /* Sources */,
				7F0E4F8D1893A31C0082D5DB /* Frameworks */,
				7F0E4F8E1893A31C0082D5DB /* Resources */,
			);
			buildRules = (
			);
			dependencies = (
			);
			name = SlideToPopDemo;
			productName = SlideToPopDemo;
			productReference = 7F0E4F901893A31C0082D5DB /* SlideToPopDemo.app */;
			productType = "com.apple.product-type.application";
		};
		7F0E4FB01893A31C0082D5DB /* SlideToPopDemoTests */ = {
			isa = PBXNativeTarget;
			buildConfigurationList = 7F0E4FC51893A31C0082D5DB /* Build configuration list for PBXNativeTarget "SlideToPopDemoTests" */;
			buildPhases = (
				7F0E4FAD1893A31C0082D5DB /* Sources */,
				7F0E4FAE1893A31C0082D5DB /* Frameworks */,
				7F0E4FAF1893A31C0082D5DB /* Resources */,
			);
			buildRules = (
			);
			dependencies = (
				7F0E4FB71893A31C0082D5DB /* PBXTargetDependency */,
			);
			name = SlideToPopDemoTests;
			productName = SlideToPopDemoTests;
			productReference = 7F0E4FB11893A31C0082D5DB /* SlideToPopDemoTests.xctest */;
			productType = "com.apple.product-type.bundle.unit-test";
		};
/* End PBXNativeTarget section */

/* Begin PBXProject section */
		7F0E4F881893A31C0082D5DB /* Project object */ = {
			isa = PBXProject;
			attributes = {
				CLASSPREFIX = CW;
				LastUpgradeCheck = 0500;
				ORGANIZATIONNAME = wangchao;
				TargetAttributes = {
					7F0E4FB01893A31C0082D5DB = {
						TestTargetID = 7F0E4F8F1893A31C0082D5DB;
					};
				};
			};
			buildConfigurationList = 7F0E4F8B1893A31C0082D5DB /* Build configuration list for PBXProject "SlideToPopDemo" */;
			compatibilityVersion = "Xcode 3.2";
			developmentRegion = English;
			hasScannedForEncodings = 0;
			knownRegions = (
				en,
				Base,
			);
			mainGroup = 7F0E4F871893A31C0082D5DB;
			productRefGroup = 7F0E4F911893A31C0082D5DB /* Products */;
			projectDirPath = "";
			projectRoot = "";
			targets = (
				7F0E4F8F1893A31C0082D5DB /* SlideToPopDemo */,
				7F0E4FB01893A31C0082D5DB /* SlideToPopDemoTests */,
			);
		};
/* End PBXProject section */

/* Begin PBXResourcesBuildPhase section */
		7F0E4F8E1893A31C0082D5DB /* Resources */ = {
			isa = PBXResourcesBuildPhase;
			buildActionMask = 2147483647;
			files = (
				7F0E4FAC1893A31C0082D5DB /* Images.xcassets in Resources */,
				7F0E4F9E1893A31C0082D5DB /* InfoPlist.strings in Resources */,
				7F0E4FA71893A31C0082D5DB /* Main.storyboard in Resources */,
			);
			runOnlyForDeploymentPostprocessing = 0;
		};
		7F0E4FAF1893A31C0082D5DB /* Resources */ = {
			isa = PBXResourcesBuildPhase;
			buildActionMask = 2147483647;
			files = (
				7F0E4FBD1893A31C0082D5DB /* InfoPlist.strings in Resources */,
			);
			runOnlyForDeploymentPostprocessing = 0;
		};
/* End PBXResourcesBuildPhase section */

/* Begin PBXSourcesBuildPhase section */
		7F0E4F8C1893A31C0082D5DB /* Sources */ = {
			isa = PBXSourcesBuildPhase;
			buildActionMask = 2147483647;
			files = (
				7F0E4FA41893A31C0082D5DB /* CWAppDelegate.m in Sources */,
				7F0E4FCD1893A7AA0082D5DB /* CWSlideToPopWithTabelViewViewController.m in Sources */,
				7F0E4FA01893A31C0082D5DB /* main.m in Sources */,
				7F0E4FAA1893A31C0082D5DB /* CWViewController.m in Sources */,
				7F0E4FD01893A8890082D5DB /* CWSlideToPopNormalViewController.m in Sources */,
				7F0E4FCA1893A35E0082D5DB /* CWSlideToPopViewController.m in Sources */,
			);
			runOnlyForDeploymentPostprocessing = 0;
		};
		7F0E4FAD1893A31C0082D5DB /* Sources */ = {
			isa = PBXSourcesBuildPhase;
			buildActionMask = 2147483647;
			files = (
				7F0E4FBF1893A31C0082D5DB /* SlideToPopDemoTests.m in Sources */,
			);
			runOnlyForDeploymentPostprocessing = 0;
		};
/* End PBXSourcesBuildPhase section */

/* Begin PBXTargetDependency section */
		7F0E4FB71893A31C0082D5DB /* PBXTargetDependency */ = {
			isa = PBXTargetDependency;
			target = 7F0E4F8F1893A31C0082D5DB /* SlideToPopDemo */;
			targetProxy = 7F0E4FB61893A31C0082D5DB /* PBXContainerItemProxy */;
		};
/* End PBXTargetDependency section */

/* Begin PBXVariantGroup section */
		7F0E4F9C1893A31C0082D5DB /* InfoPlist.strings */ = {
			isa = PBXVariantGroup;
			children = (
				7F0E4F9D1893A31C0082D5DB /* en */,
			);
			name = InfoPlist.strings;
			sourceTree = "<group>";
		};
		7F0E4FA51893A31C0082D5DB /* Main.storyboard */ = {
			isa = PBXVariantGroup;
			children = (
				7F0E4FA61893A31C0082D5DB /* Base */,
			);
			name = Main.storyboard;
			sourceTree = "<group>";
		};
		7F0E4FBB1893A31C0082D5DB /* InfoPlist.strings */ = {
			isa = PBXVariantGroup;
			children = (
				7F0E4FBC1893A31C0082D5DB /* en */,
			);
			name = InfoPlist.strings;
			sourceTree = "<group>";
		};
/* End PBXVariantGroup section */

/* Begin XCBuildConfiguration section */
		7F0E4FC01893A31C0082D5DB /* Debug */ = {
			isa = XCBuildConfiguration;
			buildSettings = {
				ALWAYS_SEARCH_USER_PATHS = NO;
				ARCHS = "$(ARCHS_STANDARD_INCLUDING_64_BIT)";
				CLANG_CXX_LANGUAGE_STANDARD = "gnu++0x";
				CLANG_CXX_LIBRARY = "libc++";
				CLANG_ENABLE_MODULES = YES;
				CLANG_ENABLE_OBJC_ARC = YES;
				CLANG_WARN_BOOL_CONVERSION = YES;
				CLANG_WARN_CONSTANT_CONVERSION = YES;
				CLANG_WARN_DIRECT_OBJC_ISA_USAGE = YES_ERROR;
				CLANG_WARN_EMPTY_BODY = YES;
				CLANG_WARN_ENUM_CONVERSION = YES;
				CLANG_WARN_INT_CONVERSION = YES;
				CLANG_WARN_OBJC_ROOT_CLASS = YES_ERROR;
				CLANG_WARN__DUPLICATE_METHOD_MATCH = YES;
				"CODE_SIGN_IDENTITY[sdk=iphoneos*]" = "iPhone Developer";
				COPY_PHASE_STRIP = NO;
				GCC_C_LANGUAGE_STANDARD = gnu99;
				GCC_DYNAMIC_NO_PIC = NO;
				GCC_OPTIMIZATION_LEVEL = 0;
				GCC_PREPROCESSOR_DEFINITIONS = (
					"DEBUG=1",
					"$(inherited)",
				);
				GCC_SYMBOLS_PRIVATE_EXTERN = NO;
				GCC_WARN_64_TO_32_BIT_CONVERSION = YES;
				GCC_WARN_ABOUT_RETURN_TYPE = YES_ERROR;
				GCC_WARN_UNDECLARED_SELECTOR = YES;
				GCC_WARN_UNINITIALIZED_AUTOS = YES;
				GCC_WARN_UNUSED_FUNCTION = YES;
				GCC_WARN_UNUSED_VARIABLE = YES;
				IPHONEOS_DEPLOYMENT_TARGET = 6.0;
				ONLY_ACTIVE_ARCH = YES;
				SDKROOT = iphoneos;
			};
			name = Debug;
		};
		7F0E4FC11893A31C0082D5DB /* Release */ = {
			isa = XCBuildConfiguration;
			buildSettings = {
				ALWAYS_SEARCH_USER_PATHS = NO;
				ARCHS = "$(ARCHS_STANDARD_INCLUDING_64_BIT)";
				CLANG_CXX_LANGUAGE_STANDARD = "gnu++0x";
				CLANG_CXX_LIBRARY = "libc++";
				CLANG_ENABLE_MODULES = YES;
				CLANG_ENABLE_OBJC_ARC = YES;
				CLANG_WARN_BOOL_CONVERSION = YES;
				CLANG_WARN_CONSTANT_CONVERSION = YES;
				CLANG_WARN_DIRECT_OBJC_ISA_USAGE = YES_ERROR;
				CLANG_WARN_EMPTY_BODY = YES;
				CLANG_WARN_ENUM_CONVERSION = YES;
				CLANG_WARN_INT_CONVERSION = YES;
				CLANG_WARN_OBJC_ROOT_CLASS = YES_ERROR;
				CLANG_WARN__DUPLICATE_METHOD_MATCH = YES;
				"CODE_SIGN_IDENTITY[sdk=iphoneos*]" = "iPhone Developer";
				COPY_PHASE_STRIP = YES;
				ENABLE_NS_ASSERTIONS = NO;
				GCC_C_LANGUAGE_STANDARD = gnu99;
				GCC_WARN_64_TO_32_BIT_CONVERSION = YES;
				GCC_WARN_ABOUT_RETURN_TYPE = YES_ERROR;
				GCC_WARN_UNDECLARED_SELECTOR = YES;
				GCC_WARN_UNINITIALIZED_AUTOS = YES;
				GCC_WARN_UNUSED_FUNCTION = YES;
				GCC_WARN_UNUSED_VARIABLE = YES;
				IPHONEOS_DEPLOYMENT_TARGET = 6.0;
				SDKROOT = iphoneos;
				VALIDATE_PRODUCT = YES;
			};
			name = Release;
		};
		7F0E4FC31893A31C0082D5DB /* Debug */ = {
			isa = XCBuildConfiguration;
			buildSettings = {
				ASSETCATALOG_COMPILER_APPICON_NAME = AppIcon;
				ASSETCATALOG_COMPILER_LAUNCHIMAGE_NAME = LaunchImage;
				GCC_PRECOMPILE_PREFIX_HEADER = YES;
				GCC_PREFIX_HEADER = "SlideToPopDemo/SlideToPopDemo-Prefix.pch";
				INFOPLIST_FILE = "SlideToPopDemo/SlideToPopDemo-Info.plist";
				IPHONEOS_DEPLOYMENT_TARGET = 6.0;
				PRODUCT_NAME = "$(TARGET_NAME)";
				WRAPPER_EXTENSION = app;
			};
			name = Debug;
		};
		7F0E4FC41893A31C0082D5DB /* Release */ = {
			isa = XCBuildConfiguration;
			buildSettings = {
				ASSETCATALOG_COMPILER_APPICON_NAME = AppIcon;
				ASSETCATALOG_COMPILER_LAUNCHIMAGE_NAME = LaunchImage;
				GCC_PRECOMPILE_PREFIX_HEADER = YES;
				GCC_PREFIX_HEADER = "SlideToPopDemo/SlideToPopDemo-Prefix.pch";
				INFOPLIST_FILE = "SlideToPopDemo/SlideToPopDemo-Info.plist";
				IPHONEOS_DEPLOYMENT_TARGET = 6.0;
				PRODUCT_NAME = "$(TARGET_NAME)";
				WRAPPER_EXTENSION = app;
			};
			name = Release;
		};
		7F0E4FC61893A31C0082D5DB /* Debug */ = {
			isa = XCBuildConfiguration;
			buildSettings = {
				ARCHS = "$(ARCHS_STANDARD_INCLUDING_64_BIT)";
				BUNDLE_LOADER = "$(BUILT_PRODUCTS_DIR)/SlideToPopDemo.app/SlideToPopDemo";
				FRAMEWORK_SEARCH_PATHS = (
					"$(SDKROOT)/Developer/Library/Frameworks",
					"$(inherited)",
					"$(DEVELOPER_FRAMEWORKS_DIR)",
				);
				GCC_PRECOMPILE_PREFIX_HEADER = YES;
				GCC_PREFIX_HEADER = "SlideToPopDemo/SlideToPopDemo-Prefix.pch";
				GCC_PREPROCESSOR_DEFINITIONS = (
					"DEBUG=1",
					"$(inherited)",
				);
				INFOPLIST_FILE = "SlideToPopDemoTests/SlideToPopDemoTests-Info.plist";
				PRODUCT_NAME = "$(TARGET_NAME)";
				TEST_HOST = "$(BUNDLE_LOADER)";
				WRAPPER_EXTENSION = xctest;
			};
			name = Debug;
		};
		7F0E4FC71893A31C0082D5DB /* Release */ = {
			isa = XCBuildConfiguration;
			buildSettings = {
				ARCHS = "$(ARCHS_STANDARD_INCLUDING_64_BIT)";
				BUNDLE_LOADER = "$(BUILT_PRODUCTS_DIR)/SlideToPopDemo.app/SlideToPopDemo";
				FRAMEWORK_SEARCH_PATHS = (
					"$(SDKROOT)/Developer/Library/Frameworks",
					"$(inherited)",
					"$(DEVELOPER_FRAMEWORKS_DIR)",
				);
				GCC_PRECOMPILE_PREFIX_HEADER = YES;
				GCC_PREFIX_HEADER = "SlideToPopDemo/SlideToPopDemo-Prefix.pch";
				INFOPLIST_FILE = "SlideToPopDemoTests/SlideToPopDemoTests-Info.plist";
				PRODUCT_NAME = "$(TARGET_NAME)";
				TEST_HOST = "$(BUNDLE_LOADER)";
				WRAPPER_EXTENSION = xctest;
			};
			name = Release;
		};
/* End XCBuildConfiguration section */

/* Begin XCConfigurationList section */
		7F0E4F8B1893A31C0082D5DB /* Build configuration list for PBXProject "SlideToPopDemo" */ = {
			isa = XCConfigurationList;
			buildConfigurations = (
				7F0E4FC01893A31C0082D5DB /* Debug */,
				7F0E4FC11893A31C0082D5DB /* Release */,
			);
			defaultConfigurationIsVisible = 0;
			defaultConfigurationName = Release;
		};
		7F0E4FC21893A31C0082D5DB /* Build configuration list for PBXNativeTarget "SlideToPopDemo" */ = {
			isa = XCConfigurationList;
			buildConfigurations = (
				7F0E4FC31893A31C0082D5DB /* Debug */,
				7F0E4FC41893A31C0082D5DB /* Release */,
			);
			defaultConfigurationIsVisible = 0;
			defaultConfigurationName = Release;
		};
		7F0E4FC51893A31C0082D5DB /* Build configuration list for PBXNativeTarget "SlideToPopDemoTests" */ = {
			isa = XCConfigurationList;
			buildConfigurations = (
				7F0E4FC61893A31C0082D5DB /* Debug */,
				7F0E4FC71893A31C0082D5DB /* Release */,
			);
			defaultConfigurationIsVisible = 0;
			defaultConfigurationName = Release;
		};
/* End XCConfigurationList section */
	};
	rootObject = 7F0E4F881893A31C0082D5DB /* Project object */;
}
